#
# This file is autogenerated by pip-compile with Python 3.13
# by the following command:
#
#    pip-compile --allow-unsafe --output-file=requirements-dev.lock --strip-extras requirements-dev.in
#
--index-url https://pypi.tuna.tsinghua.edu.cn/simple

annotated-doc==0.0.5
    # via fastapi
annotated-types==0.8.0
    # via pydantic
anyio==4.14.2
    # via
    #   httpx
    #   httpx2
    #   openai
    #   sse-starlette
    #   starlette
attrs==26.1.0
    # via
    #   jsonschema
    #   referencing
build==1.6.0
    # via pip-tools
certifi==2026.7.22
    # via
    #   httpcore
    #   httpx
click==8.5.0
    # via
    #   pip-tools
    #   uvicorn
fastapi==0.141.1
    # via fastapi-poe
fastapi-poe==0.0.83
    # via -r requirements.in
h11==0.16.0
    # via
    #   httpcore
    #   httpcore2
    #   uvicorn
httpcore==1.0.9
    # via httpx
httpcore2==2.12.0
    # via httpx2
httpx==0.28.1
    # via
    #   -r requirements.in
    #   fastapi-poe
httpx-sse==0.4.3
    # via fastapi-poe
httpx2==2.12.0
    # via openai
hypothesis==6.165.10
    # via -r requirements-dev.in
idna==3.19
    # via
    #   anyio
    #   httpx
    #   httpx2
iniconfig==2.3.0
    # via pytest
jiter==0.16.0
    # via openai
jsonschema==4.26.0
    # via -r requirements.in
jsonschema-specifications==2025.9.1
    # via jsonschema
numpy==2.5.2
    # via rdkit
openai==3.3.1
    # via -r requirements.in
packaging==26.3
    # via
    #   build
    #   pytest
    #   wheel
pillow==12.3.0
    # via rdkit
pip-tools==7.6.1
    # via -r requirements-dev.in
pluggy==1.6.0
    # via pytest
pydantic==2.11.7
    # via
    #   -r requirements.in
    #   fastapi
    #   fastapi-poe
    #   openai
pydantic-core==2.33.2
    # via pydantic
pygments==2.21.0
    # via pytest
pyproject-hooks==1.2.0
    # via
    #   build
    #   pip-tools
pytest==9.1.1
    # via -r requirements-dev.in
pyyaml==6.0.3
    # via -r requirements.in
rdkit==2025.9.6
    # via -r requirements.in
referencing==0.37.0
    # via
    #   jsonschema
    #   jsonschema-specifications
rpds-py==2026.6.3
    # via
    #   jsonschema
    #   referencing
sniffio==1.3.1
    # via openai
sortedcontainers==2.4.0
    # via hypothesis
sse-starlette==3.4.8
    # via fastapi-poe
starlette==1.6.0
    # via
    #   fastapi
    #   sse-starlette
truststore==0.10.4
    # via
    #   httpcore2
    #   httpx2
typing-extensions==4.16.0
    # via
    #   fastapi
    #   fastapi-poe
    #   openai
    #   pydantic
    #   pydantic-core
    #   typing-inspection
typing-inspection==0.4.4
    # via
    #   fastapi
    #   pydantic
uvicorn==0.52.4
    # via fastapi-poe
wheel==0.48.0
    # via pip-tools

# The following packages are considered to be unsafe in a requirements file:
pip==26.2.1
    # via pip-tools
setuptools==84.0.0
    # via pip-tools
